
Microsoft Visual Studio Solution File, Format Version 12.00
# Visual Studio Version 17
VisualStudioVersion = 17.1.32328.378
MinimumVisualStudioVersion = 10.0.40219.1
Project("{FAE04EC0-301F-11D3-BF4B-00C04F79EFBC}") = "ToDoForm", "ToDoForm\ToDoForm.csproj", "{B9B79235-19D5-40E5-90CE-8E1227C2532E}"
EndProject
Global
	GlobalSection(SolutionConfigurationPlatforms) = preSolution
		Debug|Any CPU = Debug|Any CPU
		Release|Any CPU = Release|Any CPU
	EndGlobalSection
	GlobalSection(ProjectConfigurationPlatforms) = postSolution
		{B9B79235-19D5-40E5-90CE-8E1227C2532E}.Debug|Any CPU.ActiveCfg = Debug|Any CPU
		{B9B79235-19D5-40E5-90CE-8E1227C2532E}.Debug|Any CPU.Build.0 = Debug|Any CPU
		{B9B79235-19D5-40E5-90CE-8E1227C2532E}.Release|Any CPU.ActiveCfg = Release|Any CPU
		{B9B79235-19D5-40E5-90CE-8E1227C2532E}.Release|Any CPU.Build.0 = Release|Any CPU
	EndGlobalSection
	GlobalSection(SolutionProperties) = preSolution
		HideSolutionNode = FALSE
	EndGlobalSection
	GlobalSection(ExtensibilityGlobals) = postSolution
		SolutionGuid = {5A1BC7D3-501C-4AEC-8505-82960CD984A5}
	EndGlobalSection
EndGlobal
